
Microsoft Visual Studio Solution File, Format Version 12.00
# Visual Studio Version 17
VisualStudioVersion = 17.9.34723.18
MinimumVisualStudioVersion = 10.0.40219.1
Project("{9A19103F-16F7-4668-BE54-9A1E7A4F7556}") = "Green home", "Green home\Green home.csproj", "{3CF69B32-689A-40AC-836C-A17203B36641}"
EndProject
Project("{FAE04EC0-301F-11D3-BF4B-00C04F79EFBC}") = "Green home.Tests", "Green home.Tests\Green home.Tests.csproj", "{8A08CBA4-4AB7-4C0E-BC50-48B5962F142D}"
EndProject
Global
	GlobalSection(SolutionConfigurationPlatforms) = preSolution
		Debug|Any CPU = Debug|Any CPU
		Release|Any CPU = Release|Any CPU
	EndGlobalSection
	GlobalSection(ProjectConfigurationPlatforms) = postSolution
		{3CF69B32-689A-40AC-836C-A17203B36641}.Debug|Any CPU.ActiveCfg = Debug|Any CPU
		{3CF69B32-689A-40AC-836C-A17203B36641}.Debug|Any CPU.Build.0 = Debug|Any CPU
		{3CF69B32-689A-40AC-836C-A17203B36641}.Release|Any CPU.ActiveCfg = Release|Any CPU
		{3CF69B32-689A-40AC-836C-A17203B36641}.Release|Any CPU.Build.0 = Release|Any CPU
		{8A08CBA4-4AB7-4C0E-BC50-48B5962F142D}.Debug|Any CPU.ActiveCfg = Debug|Any CPU
		{8A08CBA4-4AB7-4C0E-BC50-48B5962F142D}.Debug|Any CPU.Build.0 = Debug|Any CPU
		{8A08CBA4-4AB7-4C0E-BC50-48B5962F142D}.Release|Any CPU.ActiveCfg = Release|Any CPU
		{8A08CBA4-4AB7-4C0E-BC50-48B5962F142D}.Release|Any CPU.Build.0 = Release|Any CPU
	EndGlobalSection
	GlobalSection(SolutionProperties) = preSolution
		HideSolutionNode = FALSE
	EndGlobalSection
	GlobalSection(ExtensibilityGlobals) = postSolution
		SolutionGuid = {F647B7D3-410A-4DC5-91D6-20A36CA6694A}
	EndGlobalSection
EndGlobal
